
Microsoft Visual Studio Solution File, Format Version 12.00
# Visual Studio 15
Project("{FAE04EC0-301F-11D3-BF4B-00C04F79EFBC}") = "webAPI", "webAPI\webAPI.csproj", "{4C0BEE02-A958-4CCE-9372-40A39C380998}"
EndProject
Project("{FAE04EC0-301F-11D3-BF4B-00C04F79EFBC}") = "webAPI.IntegrationTests", "webAPI.IntegrationTests\webAPI.IntegrationTests.csproj", "{4D2D4B62-31B4-4018-BEF7-4D8A76BB0D4E}"
EndProject
Global
	GlobalSection(SolutionConfigurationPlatforms) = preSolution
		Debug|Any CPU = Debug|Any CPU
		Release|Any CPU = Release|Any CPU
	EndGlobalSection
	GlobalSection(ProjectConfigurationPlatforms) = postSolution
		{4C0BEE02-A958-4CCE-9372-40A39C380998}.Debug|Any CPU.ActiveCfg = Debug|Any CPU
		{4C0BEE02-A958-4CCE-9372-40A39C380998}.Debug|Any CPU.Build.0 = Debug|Any CPU
		{4C0BEE02-A958-4CCE-9372-40A39C380998}.Release|Any CPU.ActiveCfg = Release|Any CPU
		{4C0BEE02-A958-4CCE-9372-40A39C380998}.Release|Any CPU.Build.0 = Release|Any CPU
		{4D2D4B62-31B4-4018-BEF7-4D8A76BB0D4E}.Debug|Any CPU.ActiveCfg = Debug|Any CPU
		{4D2D4B62-31B4-4018-BEF7-4D8A76BB0D4E}.Debug|Any CPU.Build.0 = Debug|Any CPU
		{4D2D4B62-31B4-4018-BEF7-4D8A76BB0D4E}.Release|Any CPU.ActiveCfg = Release|Any CPU
		{4D2D4B62-31B4-4018-BEF7-4D8A76BB0D4E}.Release|Any CPU.Build.0 = Release|Any CPU
	EndGlobalSection
EndGlobal
